
Microsoft Visual Studio Solution File, Format Version 12.00
# Visual Studio Version 16
VisualStudioVersion = 16.0.29613.14
MinimumVisualStudioVersion = 10.0.40219.1
Project("{FAE04EC0-301F-11D3-BF4B-00C04F79EFBC}") = "HMI", "HMI.csproj", "{F889D5F3-91EB-4B24-B901-CCA7BD4F6FA0}"
EndProject
Global
	GlobalSection(SolutionConfigurationPlatforms) = preSolution
		Debug|Any CPU = Debug|Any CPU
		Release|Any CPU = Release|Any CPU
	EndGlobalSection
	GlobalSection(ProjectConfigurationPlatforms) = postSolution
		{F889D5F3-91EB-4B24-B901-CCA7BD4F6FA0}.Debug|Any CPU.ActiveCfg = Debug|Any CPU
		{F889D5F3-91EB-4B24-B901-CCA7BD4F6FA0}.Debug|Any CPU.Build.0 = Debug|Any CPU
		{F889D5F3-91EB-4B24-B901-CCA7BD4F6FA0}.Release|Any CPU.ActiveCfg = Release|Any CPU
		{F889D5F3-91EB-4B24-B901-CCA7BD4F6FA0}.Release|Any CPU.Build.0 = Release|Any CPU
	EndGlobalSection
	GlobalSection(SolutionProperties) = preSolution
		HideSolutionNode = FALSE
	EndGlobalSection
	GlobalSection(ExtensibilityGlobals) = postSolution
		SolutionGuid = {142F17CF-D981-454D-96FE-C628E6772E94}
	EndGlobalSection
EndGlobal
